
Microsoft Visual Studio Solution File, Format Version 12.00
# Visual Studio Version 16
VisualStudioVersion = 16.0.31727.386
MinimumVisualStudioVersion = 10.0.40219.1
Project("{FAE04EC0-301F-11D3-BF4B-00C04F79EFBC}") = "PromotionEngineCApp", "PromotionEngineCApp\PromotionEngineCApp.csproj", "{54F328EC-4FF5-4A0C-921A-199A6FBE9F70}"
EndProject
Project("{FAE04EC0-301F-11D3-BF4B-00C04F79EFBC}") = "PromotionEngineCApp_Test", "PromotionEngineCApp_Test\PromotionEngineCApp_Test.csproj", "{4603D686-6071-4612-B477-B34FE8AD3FFE}"
EndProject
Global
	GlobalSection(SolutionConfigurationPlatforms) = preSolution
		Debug|Any CPU = Debug|Any CPU
		Release|Any CPU = Release|Any CPU
	EndGlobalSection
	GlobalSection(ProjectConfigurationPlatforms) = postSolution
		{54F328EC-4FF5-4A0C-921A-199A6FBE9F70}.Debug|Any CPU.ActiveCfg = Debug|Any CPU
		{54F328EC-4FF5-4A0C-921A-199A6FBE9F70}.Debug|Any CPU.Build.0 = Debug|Any CPU
		{54F328EC-4FF5-4A0C-921A-199A6FBE9F70}.Release|Any CPU.ActiveCfg = Release|Any CPU
		{54F328EC-4FF5-4A0C-921A-199A6FBE9F70}.Release|Any CPU.Build.0 = Release|Any CPU
		{4603D686-6071-4612-B477-B34FE8AD3FFE}.Debug|Any CPU.ActiveCfg = Debug|Any CPU
		{4603D686-6071-4612-B477-B34FE8AD3FFE}.Debug|Any CPU.Build.0 = Debug|Any CPU
		{4603D686-6071-4612-B477-B34FE8AD3FFE}.Release|Any CPU.ActiveCfg = Release|Any CPU
		{4603D686-6071-4612-B477-B34FE8AD3FFE}.Release|Any CPU.Build.0 = Release|Any CPU
	EndGlobalSection
	GlobalSection(SolutionProperties) = preSolution
		HideSolutionNode = FALSE
	EndGlobalSection
	GlobalSection(ExtensibilityGlobals) = postSolution
		SolutionGuid = {DA495D19-F2FA-4E52-8780-93795E4CF228}
	EndGlobalSection
EndGlobal
